
Microsoft Visual Studio Solution File, Format Version 12.00
# Visual Studio Version 17
VisualStudioVersion = 17.3.32922.545
MinimumVisualStudioVersion = 10.0.40219.1
Project("{FAE04EC0-301F-11D3-BF4B-00C04F79EFBC}") = "DataStructAlgorithmPrograms_244", "DataStructAlgorithmPrograms_244.csproj", "{C9762336-5CB1-4A69-AD83-4142B928E616}"
EndProject
Global
	GlobalSection(SolutionConfigurationPlatforms) = preSolution
		Debug|Any CPU = Debug|Any CPU
		Release|Any CPU = Release|Any CPU
	EndGlobalSection
	GlobalSection(ProjectConfigurationPlatforms) = postSolution
		{C9762336-5CB1-4A69-AD83-4142B928E616}.Debug|Any CPU.ActiveCfg = Debug|Any CPU
		{C9762336-5CB1-4A69-AD83-4142B928E616}.Debug|Any CPU.Build.0 = Debug|Any CPU
		{C9762336-5CB1-4A69-AD83-4142B928E616}.Release|Any CPU.ActiveCfg = Release|Any CPU
		{C9762336-5CB1-4A69-AD83-4142B928E616}.Release|Any CPU.Build.0 = Release|Any CPU
	EndGlobalSection
	GlobalSection(SolutionProperties) = preSolution
		HideSolutionNode = FALSE
	EndGlobalSection
	GlobalSection(ExtensibilityGlobals) = postSolution
		SolutionGuid = {57586F94-C904-436E-B629-9257ADFEA2E7}
	EndGlobalSection
EndGlobal
